
Microsoft Visual Studio Solution File, Format Version 11.00
# Visual Studio 2010
Project("{F184B08F-C81C-45F6-A57F-5ABD9991F28F}") = "Ch 7 weather combo box class", "Ch 7 weather combo box class\Ch 7 weather combo box class.vbproj", "{B3A7C48E-B946-4808-B6F0-500768BAAB11}"
EndProject
Global
	GlobalSection(SolutionConfigurationPlatforms) = preSolution
		Debug|Any CPU = Debug|Any CPU
		Release|Any CPU = Release|Any CPU
	EndGlobalSection
	GlobalSection(ProjectConfigurationPlatforms) = postSolution
		{B3A7C48E-B946-4808-B6F0-500768BAAB11}.Debug|Any CPU.ActiveCfg = Debug|Any CPU
		{B3A7C48E-B946-4808-B6F0-500768BAAB11}.Debug|Any CPU.Build.0 = Debug|Any CPU
		{B3A7C48E-B946-4808-B6F0-500768BAAB11}.Release|Any CPU.ActiveCfg = Release|Any CPU
		{B3A7C48E-B946-4808-B6F0-500768BAAB11}.Release|Any CPU.Build.0 = Release|Any CPU
	EndGlobalSection
	GlobalSection(SolutionProperties) = preSolution
		HideSolutionNode = FALSE
	EndGlobalSection
EndGlobal
