
Microsoft Visual Studio Solution File, Format Version 11.00
# Visual Studio 2010
Project("{F184B08F-C81C-45F6-A57F-5ABD9991F28F}") = "Ch3 ex1", "Ch3 ex1.vbproj", "{AF801D55-CCD6-4BDE-87DF-2DFDE5687485}"
EndProject
Global
	GlobalSection(SolutionConfigurationPlatforms) = preSolution
		Debug|x86 = Debug|x86
		Release|x86 = Release|x86
	EndGlobalSection
	GlobalSection(ProjectConfigurationPlatforms) = postSolution
		{AF801D55-CCD6-4BDE-87DF-2DFDE5687485}.Debug|x86.ActiveCfg = Debug|x86
		{AF801D55-CCD6-4BDE-87DF-2DFDE5687485}.Debug|x86.Build.0 = Debug|x86
		{AF801D55-CCD6-4BDE-87DF-2DFDE5687485}.Release|x86.ActiveCfg = Release|x86
		{AF801D55-CCD6-4BDE-87DF-2DFDE5687485}.Release|x86.Build.0 = Release|x86
	EndGlobalSection
	GlobalSection(SolutionProperties) = preSolution
		HideSolutionNode = FALSE
	EndGlobalSection
EndGlobal
