
Microsoft Visual Studio Solution File, Format Version 11.00
# Visual Studio 2010
Project("{F184B08F-C81C-45F6-A57F-5ABD9991F28F}") = "Ch7Art Work class", "Ch7Art Work class\Ch7Art Work class.vbproj", "{6A5F4F3B-6DF6-4789-96FE-706913D2F0E6}"
EndProject
Global
	GlobalSection(SolutionConfigurationPlatforms) = preSolution
		Debug|Any CPU = Debug|Any CPU
		Release|Any CPU = Release|Any CPU
	EndGlobalSection
	GlobalSection(ProjectConfigurationPlatforms) = postSolution
		{6A5F4F3B-6DF6-4789-96FE-706913D2F0E6}.Debug|Any CPU.ActiveCfg = Debug|Any CPU
		{6A5F4F3B-6DF6-4789-96FE-706913D2F0E6}.Debug|Any CPU.Build.0 = Debug|Any CPU
		{6A5F4F3B-6DF6-4789-96FE-706913D2F0E6}.Release|Any CPU.ActiveCfg = Release|Any CPU
		{6A5F4F3B-6DF6-4789-96FE-706913D2F0E6}.Release|Any CPU.Build.0 = Release|Any CPU
	EndGlobalSection
	GlobalSection(SolutionProperties) = preSolution
		HideSolutionNode = FALSE
	EndGlobalSection
EndGlobal
